{
  "version": 4,
  "terraform_version": "1.0.11",
  "serial": 185,
  "lineage": "76283b41-a6ae-181e-be5e-1b8de4628758",
  "outputs": {
    "external_user_arn": {
      "value": "arn:aws:iam::527215186620:user/meta_external_user",
      "type": "string"
    },
    "external_user_iam_access_key_id": {
      "value": "AKIAXVQDZKK6CW4CA37D",
      "type": "string"
    },
    "external_user_iam_access_key_secret": {
      "value": "wcFMAx19DxePNTHzAQ//cPM0hbmn05sMxOte8SHSlo2cPBHpM6dYoxCqZiOn2I16Q6xTOHMk49e9L6jRpJ+mxPGoR+WrlmUu4hjhPRbD8wZcoczaKIxDrt+L8HOBJiEnKHMkTOPodrJXTPBeEZ6FmEOLJGgWsNSRDpQiP6aokoaMplfOstXXW6KKnvIp9s4f7CVxgq4iFCP7ofPeNnI20ufyy1D77eBSKQJCGMVymgztW7Eet4Ha3fkKgvPcLhhslj2ETYly0NP78+nEtdaYaq+tFRFgcMwTuygNaH3m1k1ZvU9gaXQTiIUG1+VtOt1gzCLojvEJDYvpyURIr31WiwtcgahtxgLsRVSfBWDC4X678mBrGKmcrwwTXV37KvopNNcqL2f3ExsMPbkPD36qPOkuABC9IQaNVoL+k1ZeJzvYRyIzb7022jcRmcMGBZHVRrA3n2GOebccar+PpCF6arPwrooLCktIWlzt7LwHVCeNqZIaPApXKvY7+RYiSGhXA1Q6pvtW+NkzAYJNAqJXVblPshG3zOft3xovFimDY7OfHaJ1VNEFMl4cfyyH2oHZaDWp3n9YLALRtGXqv+CLEtiV3zWwcIbPsMp4P9E0grqEqkrzo2Kd9YOV35SsHXuMu70TWLDr1PYN5AA8MwJ01IKkp0mIQD9NbZaCGR3FHjEy5hRlvk57S7K+sKXsKXPSWQFPJTC1odm5uknQjjOZt7xNQizFNik/0UYrIfB9Lz8LZt3Z0kNcILwxZSEGLCx8tbmWWkuxnCFk3jTR+iONaCXM6ZPq8pSHj6wZ6h/stU0AwGVY4fm0yIRY",
      "type": "string"
    },
    "external_user_name": {
      "value": "meta_external_user",
      "type": "string"
    },
    "multiple_users": {
      "value": [
        {
          "meta_user1": {
            "arn": "arn:aws:iam::527215186620:user/meta_user1",
            "force_destroy": false,
            "id": "meta_user1",
            "name": "meta_user1",
            "path": "/",
            "permissions_boundary": null,
            "tags": null,
            "tags_all": {},
            "unique_id": "AIDAXVQDZKK6KUZUMSCSE"
          },
          "meta_user2": {
            "arn": "arn:aws:iam::527215186620:user/meta_user2",
            "force_destroy": false,
            "id": "meta_user2",
            "name": "meta_user2",
            "path": "/",
            "permissions_boundary": null,
            "tags": null,
            "tags_all": {},
            "unique_id": "AIDAXVQDZKK6NL3BHRVCQ"
          },
          "meta_user3": {
            "arn": "arn:aws:iam::527215186620:user/meta_user3",
            "force_destroy": false,
            "id": "meta_user3",
            "name": "meta_user3",
            "path": "/",
            "permissions_boundary": null,
            "tags": null,
            "tags_all": {},
            "unique_id": "AIDAXVQDZKK6DCIDQEAN3"
          }
        }
      ],
      "type": [
        "tuple",
        [
          [
            "object",
            {
              "meta_user1": [
                "object",
                {
                  "arn": "string",
                  "force_destroy": "bool",
                  "id": "string",
                  "name": "string",
                  "path": "string",
                  "permissions_boundary": "string",
                  "tags": [
                    "map",
                    "string"
                  ],
                  "tags_all": [
                    "map",
                    "string"
                  ],
                  "unique_id": "string"
                }
              ],
              "meta_user2": [
                "object",
                {
                  "arn": "string",
                  "force_destroy": "bool",
                  "id": "string",
                  "name": "string",
                  "path": "string",
                  "permissions_boundary": "string",
                  "tags": [
                    "map",
                    "string"
                  ],
                  "tags_all": [
                    "map",
                    "string"
                  ],
                  "unique_id": "string"
                }
              ],
              "meta_user3": [
                "object",
                {
                  "arn": "string",
                  "force_destroy": "bool",
                  "id": "string",
                  "name": "string",
                  "path": "string",
                  "permissions_boundary": "string",
                  "tags": [
                    "map",
                    "string"
                  ],
                  "tags_all": [
                    "map",
                    "string"
                  ],
                  "unique_id": "string"
                }
              ]
            }
          ]
        ]
      ]
    }
  },
  "resources": [
    {
      "module": "module.s3",
      "mode": "managed",
      "type": "aws_iam_access_key",
      "name": "external_user_keys",
      "provider": "provider[\"registry.terraform.io/hashicorp/aws\"]",
      "instances": [
        {
          "schema_version": 0,
          "attributes": {
            "create_date": "2022-04-09T18:17:40Z",
            "encrypted_secret": "wcFMAx19DxePNTHzAQ//cPM0hbmn05sMxOte8SHSlo2cPBHpM6dYoxCqZiOn2I16Q6xTOHMk49e9L6jRpJ+mxPGoR+WrlmUu4hjhPRbD8wZcoczaKIxDrt+L8HOBJiEnKHMkTOPodrJXTPBeEZ6FmEOLJGgWsNSRDpQiP6aokoaMplfOstXXW6KKnvIp9s4f7CVxgq4iFCP7ofPeNnI20ufyy1D77eBSKQJCGMVymgztW7Eet4Ha3fkKgvPcLhhslj2ETYly0NP78+nEtdaYaq+tFRFgcMwTuygNaH3m1k1ZvU9gaXQTiIUG1+VtOt1gzCLojvEJDYvpyURIr31WiwtcgahtxgLsRVSfBWDC4X678mBrGKmcrwwTXV37KvopNNcqL2f3ExsMPbkPD36qPOkuABC9IQaNVoL+k1ZeJzvYRyIzb7022jcRmcMGBZHVRrA3n2GOebccar+PpCF6arPwrooLCktIWlzt7LwHVCeNqZIaPApXKvY7+RYiSGhXA1Q6pvtW+NkzAYJNAqJXVblPshG3zOft3xovFimDY7OfHaJ1VNEFMl4cfyyH2oHZaDWp3n9YLALRtGXqv+CLEtiV3zWwcIbPsMp4P9E0grqEqkrzo2Kd9YOV35SsHXuMu70TWLDr1PYN5AA8MwJ01IKkp0mIQD9NbZaCGR3FHjEy5hRlvk57S7K+sKXsKXPSWQFPJTC1odm5uknQjjOZt7xNQizFNik/0UYrIfB9Lz8LZt3Z0kNcILwxZSEGLCx8tbmWWkuxnCFk3jTR+iONaCXM6ZPq8pSHj6wZ6h/stU0AwGVY4fm0yIRY",
            "encrypted_ses_smtp_password_v4": "wcFMAx19DxePNTHzAQ/9G4ILwznQNJYBYkRo6HqUZU8aVFm7QsgnZ1lVz927B7aJhTRruKvWVXvjZZdusezzyPMmBA+EZcdWJ0RIUjMk5wadayDk4i7AkP32KXPwkH5lWq4KWaNSA3UpLkMI2/t4SRR7RJnYLgnun5Flo/E2c6GQOvLZsLHj8PUj4H+fgDbPgj2kTNVkzox6wsnHNJxiW2xfVIOhHbriGc/2vYe6DnGgluAlQ2vCQiqKsN92YEdwj5UPFqGkXBgislocnfnc9l2d3Qk5rUFbNR7km43LC1acngeHRzQkGKdG3LLhyj1mynRaG7yxEyhKLMlwAhP15iAZDvO9eojhudOQp6A/1zF3Xc+wmIEi5+DfTrrzLVESgHzz77/8paaWC9iCAQps97DCacd8FW8D/UphKFLtxbajCvZ88L1jC5LaKU7fxmcbnhEdQX7vCT0AcAT21wRurdvgcc+LbXaxm3OYgquakGJd1+47DbuQYTsRWCREXlHNmo5oGXjjTEKRy3gUxPpCxz1zzqvHxlIEheZ+V8JniOuHYHUW8endSkkzsyIW7t9ASYEZrWjuJaTxuN+fj+mm1LMkgI1l5LFh4x7cL4CuuzzJzAbaNr3SS47pqd40waB2irENljjRg1oqY+9i4VGNckvWiMD9geml9b4aFBUjXkafEPnIeBMbrcUykfeEXiXSXQH/lgBJIlRF63IUShnbxEAO0yAlpmc/iWBbSwOOoZix8pcITXkSwFmkD06EmIOTomRloNHyDmls5ese8/k7IWsC5em02w3dB/SlCDQkTdSQGaVfWfUaYxdVePTmaA==",
            "id": "AKIAXVQDZKK6CW4CA37D",
            "key_fingerprint": "3a58db51aee814175213d4ec6ddd1dc0335a45c3",
            "pgp_key": "keybase:vincentgaohj",
            "secret": null,
            "ses_smtp_password_v4": null,
            "status": "Active",
            "user": "meta_external_user"
          },
          "sensitive_attributes": [],
          "private": "bnVsbA==",
          "dependencies": [
            "module.s3.aws_iam_user.external_user"
          ]
        }
      ]
    },
    {
      "module": "module.s3",
      "mode": "managed",
      "type": "aws_iam_access_key",
      "name": "internal_user_keys",
      "provider": "provider[\"registry.terraform.io/hashicorp/aws\"]",
      "instances": [
        {
          "schema_version": 0,
          "attributes": {
            "create_date": "2022-04-09T18:17:40Z",
            "encrypted_secret": "wcFMAx19DxePNTHzAQ/6Aq0rg0jLcQpd9F3pGu8UFCYTjDy55Vj3eNgP6uyyRPz88k6FOwUGLMimmsK45ewIFc1f3coa0c01O2CquD9yNnNjdGwG1R6zqwJHkcKwWjHwCYvQV1e+skaPmCJj/H9xyTPx9888xoz5o36Sfa9sf5HZ9Z1dad+jfkk9Xec18IqS9TxdM5HfC90VvtnG7jOilOXxY2wXburXpr7qlHqAgmaxNbYd6rK/UNdpklN1PSj8KUB2Qtj8vf16+00uwucM3HmpsiEHtvXPzmCr4TWkQvuivClgZbCTuBsdnxnQCAai8nLMNia3FbqqMmSZ565tbjR5cqe0s79SGBF+bofWUirYpgXe86PdUQoVYlYb8w0+xW+jM+lf5Pm1j/tbvNj1TJLwLCV72ssgebWmAMAsWwnLsK+5s/KtJoyFQWCwEzWDiVVzjxDQe8+ggi6sEQWDB6mEhJ2bJsVTeuKfQ8o/ecXQI9RGtSVmOB70YHmPLkf906BepKDOPVvq+6KHm/BVjLNKDneMHVR2aSHH6ys7outyvOfgafv+YfvFek/X0VpoBIisljFKFGs21F5jLOkF+dWWvy4lHRP6P7K8+4qcsi5CsLTHctRGdX2NjZeEA3y+MaHydF3JfURuRMmQ1ANo6Qq+8lzDI4JD53N6DIAfoiv7vMOpwFJAi/nJPOJvY8fSWQFUyjtK9eMBGLM7FjrJBa8ZXPtK71+OX7Fhd2rQfFOXmQyOyNqvCvcWcCh+9iAKposQamrnf6cheSQxypD43F59Qpf4CskXrwts3zmxQ0nTiCAcfdZhb3XH",
            "encrypted_ses_smtp_password_v4": "wcFMAx19DxePNTHzAQ/7Be2eSQ/lqifM5zHuc/Y5yrlj/Htd/HJY07ea6Y2YNCX8xAQBWoc8rg+8eEDtIIxW2IqvkeNjf5/W4zJYg+BfcWGMsVgPj/Cl9xbuqLM8UvGC+qo7dyMG2Z8/gUMSh2OCHn8lW2/SMwBVe738wmNkVyP2YdsWqfPPs50INnDSAmRKKRJUPMc9iJuyKJs9tl9YXZKWTsYwb8eoYvGIrOOa7EbjCmYVTeJ8WULRZnONdSLz15R3zk+QpH9EwjwlXh/Bz3cznoZ/zEanczYev9R5i+ud8v71Pt54FS+eWyK9fg4zpH+hmTSXNzU+AjjmqWmUPm55PFcF/7iaNqYIgU934wrE8J+9/lgtoHTn51lQOZE97SbJoL9HrIz3NsVQLrjLzEs1lo6Jug8eX7hR8Ec6lNfvrdY98as3uNTJPG/mSDrSdTQi5fiM8CNUhe3aDyFJDLGV4KAgmZ3lkLRzQNev/mwbjMZJOCuaVvdnAzaDBjZ8rMci+k9kAw50eMSqd8rlBEdWKZQqoWLCivFY+Z8VOZOGGf/OfYMbITnmWpNDVKYtxEUlYu6bx4bv5BsNe/XcmlTgnPrWz0EAR7OhFipyw4PInnZOxGcpMKYhpBvi3EKQp8dj1exD8R+4OzGG33RpEyv7ncpny9yWx8Zti5Qgzo4Jso0mrGiqxfROL4x5HXHSXQHEgmnlx5ciXK1qGzyswoI+yW/+v6KgVTkLHJG5mhIGHy2YgMWF42otZ8NDMCVNzhtbMVPw5q6Gzc2szIjLT68pgUiplN8y3KAySMfmxnB04K8PzRX+NxfGf7fC+g==",
            "id": "AKIAXVQDZKK6AJMKYVPB",
            "key_fingerprint": "3a58db51aee814175213d4ec6ddd1dc0335a45c3",
            "pgp_key": "keybase:vincentgaohj",
            "secret": null,
            "ses_smtp_password_v4": null,
            "status": "Active",
            "user": "meta_internal_user"
          },
          "sensitive_attributes": [],
          "private": "bnVsbA==",
          "dependencies": [
            "module.s3.aws_iam_user.internal_user"
          ]
        }
      ]
    },
    {
      "module": "module.s3",
      "mode": "managed",
      "type": "aws_iam_policy",
      "name": "internal_role_policy",
      "provider": "provider[\"registry.terraform.io/hashicorp/aws\"]",
      "instances": []
    },
    {
      "module": "module.s3",
      "mode": "managed",
      "type": "aws_iam_role",
      "name": "iam_role_internal",
      "provider": "provider[\"registry.terraform.io/hashicorp/aws\"]",
      "instances": []
    },
    {
      "module": "module.s3",
      "mode": "managed",
      "type": "aws_iam_user",
      "name": "external_user",
      "provider": "provider[\"registry.terraform.io/hashicorp/aws\"]",
      "instances": [
        {
          "schema_version": 0,
          "attributes": {
            "arn": "arn:aws:iam::527215186620:user/meta_external_user",
            "force_destroy": false,
            "id": "meta_external_user",
            "name": "meta_external_user",
            "path": "/",
            "permissions_boundary": null,
            "tags": null,
            "tags_all": {},
            "unique_id": "AIDAXVQDZKK6DU3E4QTHP"
          },
          "sensitive_attributes": [],
          "private": "bnVsbA=="
        }
      ]
    },
    {
      "module": "module.s3",
      "mode": "managed",
      "type": "aws_iam_user",
      "name": "internal_user",
      "provider": "provider[\"registry.terraform.io/hashicorp/aws\"]",
      "instances": [
        {
          "schema_version": 0,
          "attributes": {
            "arn": "arn:aws:iam::527215186620:user/meta_internal_user",
            "force_destroy": false,
            "id": "meta_internal_user",
            "name": "meta_internal_user",
            "path": "/",
            "permissions_boundary": null,
            "tags": null,
            "tags_all": {},
            "unique_id": "AIDAXVQDZKK6GJLVCUC7M"
          },
          "sensitive_attributes": [],
          "private": "bnVsbA=="
        }
      ]
    },
    {
      "module": "module.s3",
      "mode": "managed",
      "type": "aws_iam_user",
      "name": "multiple_users",
      "provider": "provider[\"registry.terraform.io/hashicorp/aws\"]",
      "instances": [
        {
          "index_key": "meta_user1",
          "schema_version": 0,
          "attributes": {
            "arn": "arn:aws:iam::527215186620:user/meta_user1",
            "force_destroy": false,
            "id": "meta_user1",
            "name": "meta_user1",
            "path": "/",
            "permissions_boundary": null,
            "tags": null,
            "tags_all": {},
            "unique_id": "AIDAXVQDZKK6KUZUMSCSE"
          },
          "sensitive_attributes": [],
          "private": "bnVsbA=="
        },
        {
          "index_key": "meta_user2",
          "schema_version": 0,
          "attributes": {
            "arn": "arn:aws:iam::527215186620:user/meta_user2",
            "force_destroy": false,
            "id": "meta_user2",
            "name": "meta_user2",
            "path": "/",
            "permissions_boundary": null,
            "tags": null,
            "tags_all": {},
            "unique_id": "AIDAXVQDZKK6NL3BHRVCQ"
          },
          "sensitive_attributes": [],
          "private": "bnVsbA=="
        },
        {
          "index_key": "meta_user3",
          "schema_version": 0,
          "attributes": {
            "arn": "arn:aws:iam::527215186620:user/meta_user3",
            "force_destroy": false,
            "id": "meta_user3",
            "name": "meta_user3",
            "path": "/",
            "permissions_boundary": null,
            "tags": null,
            "tags_all": {},
            "unique_id": "AIDAXVQDZKK6DCIDQEAN3"
          },
          "sensitive_attributes": [],
          "private": "bnVsbA=="
        }
      ]
    },
    {
      "module": "module.s3",
      "mode": "managed",
      "type": "aws_iam_user_policy",
      "name": "multiple_user_policy",
      "provider": "provider[\"registry.terraform.io/hashicorp/aws\"]",
      "instances": []
    },
    {
      "module": "module.s3",
      "mode": "managed",
      "type": "aws_s3_bucket_policy",
      "name": "external_user_bucket_policy",
      "provider": "provider[\"registry.terraform.io/hashicorp/aws\"]",
      "instances": []
    }
  ]
}
